// !$*UTF8*$!
{
	archiveVersion = 1;
	classes = {
	};
	objectVersion = 52;
	objects = {

/* Begin PBXBuildFile section */
		62C99F0DDC14F99057863778 /* Pods_RunningFront.framework in Frameworks */ = {isa = PBXBuildFile; fileRef = A64D13BAAB3560DEA6EC059A /* Pods_RunningFront.framework */; };
		A91143272382BC8900D7DF02 /* AppDelegate.swift in Sources */ = {isa = PBXBuildFile; fileRef = A91143262382BC8900D7DF02 /* AppDelegate.swift */; };
		A91143292382BC8900D7DF02 /* SceneDelegate.swift in Sources */ = {isa = PBXBuildFile; fileRef = A91143282382BC8900D7DF02 /* SceneDelegate.swift */; };
		A911432B2382BC8900D7DF02 /* RunningMainVC.swift in Sources */ = {isa = PBXBuildFile; fileRef = A911432A2382BC8900D7DF02 /* RunningMainVC.swift */; };
		A911432E2382BC8900D7DF02 /* Main.storyboard in Resources */ = {isa = PBXBuildFile; fileRef = A911432C2382BC8900D7DF02 /* Main.storyboard */; };
		A91143302382BC8A00D7DF02 /* Assets.xcassets in Resources */ = {isa = PBXBuildFile; fileRef = A911432F2382BC8A00D7DF02 /* Assets.xcassets */; };
		A91143332382BC8A00D7DF02 /* LaunchScreen.storyboard in Resources */ = {isa = PBXBuildFile; fileRef = A91143312382BC8A00D7DF02 /* LaunchScreen.storyboard */; };
		A92226FA238AA343008314BC /* plateVC.swift in Sources */ = {isa = PBXBuildFile; fileRef = A92226F9238AA343008314BC /* plateVC.swift */; };
		A92226FD238AB92C008314BC /* RunningInquireVC.swift in Sources */ = {isa = PBXBuildFile; fileRef = A92226FC238AB92C008314BC /* RunningInquireVC.swift */; };
		A9222700238BBAEB008314BC /* RunningInquireTVC.swift in Sources */ = {isa = PBXBuildFile; fileRef = A92226FF238BBAEB008314BC /* RunningInquireTVC.swift */; };
		A9222703238BDED3008314BC /* SettingMainTVC.swift in Sources */ = {isa = PBXBuildFile; fileRef = A9222702238BDED3008314BC /* SettingMainTVC.swift */; };
		A9222706238BF51D008314BC /* FacebookLogin in Frameworks */ = {isa = PBXBuildFile; productRef = A9222705238BF51D008314BC /* FacebookLogin */; };
		A9222708238BF54C008314BC /* Accelerate.framework in Frameworks */ = {isa = PBXBuildFile; fileRef = A9222707238BF54C008314BC /* Accelerate.framework */; };
		A922270A238C0E75008314BC /* SettingEditTVC.swift in Sources */ = {isa = PBXBuildFile; fileRef = A9222709238C0E75008314BC /* SettingEditTVC.swift */; };
		A93186AA23855FBB005D7E9A /* Common.swift in Sources */ = {isa = PBXBuildFile; fileRef = A93186A923855FBB005D7E9A /* Common.swift */; };
		A9378E1E23859CB6003355E3 /* SignUp_TVC.swift in Sources */ = {isa = PBXBuildFile; fileRef = A9378E1D23859CB6003355E3 /* SignUp_TVC.swift */; };
		A9378E41238675B7003355E3 /* RunningStartVC.swift in Sources */ = {isa = PBXBuildFile; fileRef = A9378E40238675B7003355E3 /* RunningStartVC.swift */; };
		A9378E432387779D003355E3 /* Run.swift in Sources */ = {isa = PBXBuildFile; fileRef = A9378E422387779D003355E3 /* Run.swift */; };
		A9599A2C23856B69004473C7 /* Login.storyboard in Resources */ = {isa = PBXBuildFile; fileRef = A9599A2B23856B69004473C7 /* Login.storyboard */; };
		A9599A2E23856D23004473C7 /* LoginMainVC.swift in Sources */ = {isa = PBXBuildFile; fileRef = A9599A2D23856D23004473C7 /* LoginMainVC.swift */; };
		A9599A3123856D8B004473C7 /* User.swift in Sources */ = {isa = PBXBuildFile; fileRef = A9599A3023856D8B004473C7 /* User.swift */; };
		A983D0572383FEA700A135C6 /* UICommon.swift in Sources */ = {isa = PBXBuildFile; fileRef = A983D0562383FEA700A135C6 /* UICommon.swift */; };
		A983D0642384168B00A135C6 /* RunningMain.storyboard in Resources */ = {isa = PBXBuildFile; fileRef = A983D0632384168B00A135C6 /* RunningMain.storyboard */; };
		A98F2FB4238CB69D00C4B5D4 /* ServerTVC.swift in Sources */ = {isa = PBXBuildFile; fileRef = A98F2FB3238CB69D00C4B5D4 /* ServerTVC.swift */; };
		A98F2FB6238CB75A00C4B5D4 /* ServerMessageReceiverTVCell.swift in Sources */ = {isa = PBXBuildFile; fileRef = A98F2FB5238CB75A00C4B5D4 /* ServerMessageReceiverTVCell.swift */; };
		A98F2FDB238D488800C4B5D4 /* SettingTVC.swift in Sources */ = {isa = PBXBuildFile; fileRef = A98F2FDA238D488800C4B5D4 /* SettingTVC.swift */; };
		A9C01CED238423DA008C6FE9 /* SettingVC.swift in Sources */ = {isa = PBXBuildFile; fileRef = A9C01CEC238423DA008C6FE9 /* SettingVC.swift */; };
		A9EF07EF23841BBC003B22DA /* RunningInquire.storyboard in Resources */ = {isa = PBXBuildFile; fileRef = A9EF07EE23841BBC003B22DA /* RunningInquire.storyboard */; };
		A9EF07F123841C82003B22DA /* RunningAchieve.storyboard in Resources */ = {isa = PBXBuildFile; fileRef = A9EF07F023841C82003B22DA /* RunningAchieve.storyboard */; };
		A9EF07F323841CCD003B22DA /* RunningGroup.storyboard in Resources */ = {isa = PBXBuildFile; fileRef = A9EF07F223841CCD003B22DA /* RunningGroup.storyboard */; };
		A9EF07F523841ECF003B22DA /* ShopMain.storyboard in Resources */ = {isa = PBXBuildFile; fileRef = A9EF07F423841ECF003B22DA /* ShopMain.storyboard */; };
		A9EF07F723841F1F003B22DA /* ShopCart.storyboard in Resources */ = {isa = PBXBuildFile; fileRef = A9EF07F623841F1F003B22DA /* ShopCart.storyboard */; };
		A9EF07F923841F4C003B22DA /* ShopOrder.storyboard in Resources */ = {isa = PBXBuildFile; fileRef = A9EF07F823841F4C003B22DA /* ShopOrder.storyboard */; };
		A9EF07FB23841F80003B22DA /* ShopServer.storyboard in Resources */ = {isa = PBXBuildFile; fileRef = A9EF07FA23841F80003B22DA /* ShopServer.storyboard */; };
		A9EF07FD2384202C003B22DA /* ShopMainVC.swift in Sources */ = {isa = PBXBuildFile; fileRef = A9EF07FC2384202C003B22DA /* ShopMainVC.swift */; };
		A9EF07FF23842182003B22DA /* Setting.storyboard in Resources */ = {isa = PBXBuildFile; fileRef = A9EF07FE23842182003B22DA /* Setting.storyboard */; };
		D1044EB22395FB65007C45E0 /* ShopOrderTVC.swift in Sources */ = {isa = PBXBuildFile; fileRef = D1044EB12395FB65007C45E0 /* ShopOrderTVC.swift */; };
		D1044EB423960115007C45E0 /* Order.swift in Sources */ = {isa = PBXBuildFile; fileRef = D1044EB323960115007C45E0 /* Order.swift */; };
/* End PBXBuildFile section */

/* Begin PBXFileReference section */
		5AE0550DBC616BF65CD56B89 /* Pods-RunningFront.debug.xcconfig */ = {isa = PBXFileReference; includeInIndex = 1; lastKnownFileType = text.xcconfig; name = "Pods-RunningFront.debug.xcconfig"; path = "Target Support Files/Pods-RunningFront/Pods-RunningFront.debug.xcconfig"; sourceTree = "<group>"; };
		8C1924F64A6A259F4B0B6010 /* Pods-RunningFront.release.xcconfig */ = {isa = PBXFileReference; includeInIndex = 1; lastKnownFileType = text.xcconfig; name = "Pods-RunningFront.release.xcconfig"; path = "Target Support Files/Pods-RunningFront/Pods-RunningFront.release.xcconfig"; sourceTree = "<group>"; };
		A64D13BAAB3560DEA6EC059A /* Pods_RunningFront.framework */ = {isa = PBXFileReference; explicitFileType = wrapper.framework; includeInIndex = 0; path = Pods_RunningFront.framework; sourceTree = BUILT_PRODUCTS_DIR; };
		A91143232382BC8900D7DF02 /* RunningFront.app */ = {isa = PBXFileReference; explicitFileType = wrapper.application; includeInIndex = 0; path = RunningFront.app; sourceTree = BUILT_PRODUCTS_DIR; };
		A91143262382BC8900D7DF02 /* AppDelegate.swift */ = {isa = PBXFileReference; lastKnownFileType = sourcecode.swift; path = AppDelegate.swift; sourceTree = "<group>"; };
		A91143282382BC8900D7DF02 /* SceneDelegate.swift */ = {isa = PBXFileReference; lastKnownFileType = sourcecode.swift; path = SceneDelegate.swift; sourceTree = "<group>"; };
		A911432A2382BC8900D7DF02 /* RunningMainVC.swift */ = {isa = PBXFileReference; lastKnownFileType = sourcecode.swift; path = RunningMainVC.swift; sourceTree = "<group>"; };
		A911432D2382BC8900D7DF02 /* Base */ = {isa = PBXFileReference; lastKnownFileType = file.storyboard; name = Base; path = Base.lproj/Main.storyboard; sourceTree = "<group>"; };
		A911432F2382BC8A00D7DF02 /* Assets.xcassets */ = {isa = PBXFileReference; lastKnownFileType = folder.assetcatalog; path = Assets.xcassets; sourceTree = "<group>"; };
		A91143322382BC8A00D7DF02 /* Base */ = {isa = PBXFileReference; lastKnownFileType = file.storyboard; name = Base; path = Base.lproj/LaunchScreen.storyboard; sourceTree = "<group>"; };
		A91143342382BC8A00D7DF02 /* Info.plist */ = {isa = PBXFileReference; lastKnownFileType = text.plist.xml; path = Info.plist; sourceTree = "<group>"; };
		A92226F9238AA343008314BC /* plateVC.swift */ = {isa = PBXFileReference; lastKnownFileType = sourcecode.swift; path = plateVC.swift; sourceTree = "<group>"; };
		A92226FC238AB92C008314BC /* RunningInquireVC.swift */ = {isa = PBXFileReference; lastKnownFileType = sourcecode.swift; path = RunningInquireVC.swift; sourceTree = "<group>"; };
		A92226FF238BBAEB008314BC /* RunningInquireTVC.swift */ = {isa = PBXFileReference; lastKnownFileType = sourcecode.swift; path = RunningInquireTVC.swift; sourceTree = "<group>"; };
		A9222702238BDED3008314BC /* SettingMainTVC.swift */ = {isa = PBXFileReference; lastKnownFileType = sourcecode.swift; path = SettingMainTVC.swift; sourceTree = "<group>"; };
		A9222707238BF54C008314BC /* Accelerate.framework */ = {isa = PBXFileReference; lastKnownFileType = wrapper.framework; name = Accelerate.framework; path = System/Library/Frameworks/Accelerate.framework; sourceTree = SDKROOT; };
		A9222709238C0E75008314BC /* SettingEditTVC.swift */ = {isa = PBXFileReference; lastKnownFileType = sourcecode.swift; path = SettingEditTVC.swift; sourceTree = "<group>"; };
		A93186A923855FBB005D7E9A /* Common.swift */ = {isa = PBXFileReference; lastKnownFileType = sourcecode.swift; path = Common.swift; sourceTree = "<group>"; };
		A9378E1D23859CB6003355E3 /* SignUp_TVC.swift */ = {isa = PBXFileReference; lastKnownFileType = sourcecode.swift; path = SignUp_TVC.swift; sourceTree = "<group>"; };
		A9378E40238675B7003355E3 /* RunningStartVC.swift */ = {isa = PBXFileReference; lastKnownFileType = sourcecode.swift; path = RunningStartVC.swift; sourceTree = "<group>"; };
		A9378E422387779D003355E3 /* Run.swift */ = {isa = PBXFileReference; lastKnownFileType = sourcecode.swift; path = Run.swift; sourceTree = "<group>"; };
		A9599A2B23856B69004473C7 /* Login.storyboard */ = {isa = PBXFileReference; lastKnownFileType = file.storyboard; path = Login.storyboard; sourceTree = "<group>"; };
		A9599A2D23856D23004473C7 /* LoginMainVC.swift */ = {isa = PBXFileReference; lastKnownFileType = sourcecode.swift; path = LoginMainVC.swift; sourceTree = "<group>"; };
		A9599A3023856D8B004473C7 /* User.swift */ = {isa = PBXFileReference; lastKnownFileType = sourcecode.swift; path = User.swift; sourceTree = "<group>"; };
		A983D0562383FEA700A135C6 /* UICommon.swift */ = {isa = PBXFileReference; lastKnownFileType = sourcecode.swift; path = UICommon.swift; sourceTree = "<group>"; };
		A983D0632384168B00A135C6 /* RunningMain.storyboard */ = {isa = PBXFileReference; lastKnownFileType = file.storyboard; path = RunningMain.storyboard; sourceTree = "<group>"; };
		A98F2FB3238CB69D00C4B5D4 /* ServerTVC.swift */ = {isa = PBXFileReference; lastKnownFileType = sourcecode.swift; path = ServerTVC.swift; sourceTree = "<group>"; };
		A98F2FB5238CB75A00C4B5D4 /* ServerMessageReceiverTVCell.swift */ = {isa = PBXFileReference; lastKnownFileType = sourcecode.swift; path = ServerMessageReceiverTVCell.swift; sourceTree = "<group>"; };
		A98F2FDA238D488800C4B5D4 /* SettingTVC.swift */ = {isa = PBXFileReference; lastKnownFileType = sourcecode.swift; path = SettingTVC.swift; sourceTree = "<group>"; };
		A9C01CEC238423DA008C6FE9 /* SettingVC.swift */ = {isa = PBXFileReference; lastKnownFileType = sourcecode.swift; path = SettingVC.swift; sourceTree = "<group>"; };
		A9EF07EE23841BBC003B22DA /* RunningInquire.storyboard */ = {isa = PBXFileReference; lastKnownFileType = file.storyboard; path = RunningInquire.storyboard; sourceTree = "<group>"; };
		A9EF07F023841C82003B22DA /* RunningAchieve.storyboard */ = {isa = PBXFileReference; lastKnownFileType = file.storyboard; path = RunningAchieve.storyboard; sourceTree = "<group>"; };
		A9EF07F223841CCD003B22DA /* RunningGroup.storyboard */ = {isa = PBXFileReference; lastKnownFileType = file.storyboard; path = RunningGroup.storyboard; sourceTree = "<group>"; };
		A9EF07F423841ECF003B22DA /* ShopMain.storyboard */ = {isa = PBXFileReference; lastKnownFileType = file.storyboard; path = ShopMain.storyboard; sourceTree = "<group>"; };
		A9EF07F623841F1F003B22DA /* ShopCart.storyboard */ = {isa = PBXFileReference; lastKnownFileType = file.storyboard; path = ShopCart.storyboard; sourceTree = "<group>"; };
		A9EF07F823841F4C003B22DA /* ShopOrder.storyboard */ = {isa = PBXFileReference; lastKnownFileType = file.storyboard; path = ShopOrder.storyboard; sourceTree = "<group>"; };
		A9EF07FA23841F80003B22DA /* ShopServer.storyboard */ = {isa = PBXFileReference; lastKnownFileType = file.storyboard; path = ShopServer.storyboard; sourceTree = "<group>"; };
		A9EF07FC2384202C003B22DA /* ShopMainVC.swift */ = {isa = PBXFileReference; lastKnownFileType = sourcecode.swift; path = ShopMainVC.swift; sourceTree = "<group>"; };
		A9EF07FE23842182003B22DA /* Setting.storyboard */ = {isa = PBXFileReference; lastKnownFileType = file.storyboard; path = Setting.storyboard; sourceTree = "<group>"; };
		D1044EB12395FB65007C45E0 /* ShopOrderTVC.swift */ = {isa = PBXFileReference; lastKnownFileType = sourcecode.swift; path = ShopOrderTVC.swift; sourceTree = "<group>"; };
		D1044EB323960115007C45E0 /* Order.swift */ = {isa = PBXFileReference; lastKnownFileType = sourcecode.swift; path = Order.swift; sourceTree = "<group>"; };
/* End PBXFileReference section */

/* Begin PBXFrameworksBuildPhase section */
		A91143202382BC8900D7DF02 /* Frameworks */ = {
			isa = PBXFrameworksBuildPhase;
			buildActionMask = 2147483647;
			files = (
				A9222708238BF54C008314BC /* Accelerate.framework in Frameworks */,
				A9222706238BF51D008314BC /* FacebookLogin in Frameworks */,
				62C99F0DDC14F99057863778 /* Pods_RunningFront.framework in Frameworks */,
			);
			runOnlyForDeploymentPostprocessing = 0;
		};
/* End PBXFrameworksBuildPhase section */

/* Begin PBXGroup section */
		1143259AA4BF3E8F16506C65 /* Pods */ = {
			isa = PBXGroup;
			children = (
				5AE0550DBC616BF65CD56B89 /* Pods-RunningFront.debug.xcconfig */,
				8C1924F64A6A259F4B0B6010 /* Pods-RunningFront.release.xcconfig */,
			);
			path = Pods;
			sourceTree = "<group>";
		};
		516571880B479E5DCA41B1E5 /* Frameworks */ = {
			isa = PBXGroup;
			children = (
				A9222707238BF54C008314BC /* Accelerate.framework */,
				A64D13BAAB3560DEA6EC059A /* Pods_RunningFront.framework */,
			);
			name = Frameworks;
			sourceTree = "<group>";
		};
		A911431A2382BC8900D7DF02 = {
			isa = PBXGroup;
			children = (
				A91143252382BC8900D7DF02 /* RunningFront */,
				A91143242382BC8900D7DF02 /* Products */,
				1143259AA4BF3E8F16506C65 /* Pods */,
				516571880B479E5DCA41B1E5 /* Frameworks */,
			);
			sourceTree = "<group>";
		};
		A91143242382BC8900D7DF02 /* Products */ = {
			isa = PBXGroup;
			children = (
				A91143232382BC8900D7DF02 /* RunningFront.app */,
			);
			name = Products;
			sourceTree = "<group>";
		};
		A91143252382BC8900D7DF02 /* RunningFront */ = {
			isa = PBXGroup;
			children = (
				D1044EB02395F778007C45E0 /* Order */,
				A983D0582384027500A135C6 /* Common */,
				A98F2FD9238CD9D800C4B5D4 /* Server */,
				A91143262382BC8900D7DF02 /* AppDelegate.swift */,
				A91143282382BC8900D7DF02 /* SceneDelegate.swift */,
				A9EF07FC2384202C003B22DA /* ShopMainVC.swift */,
				A9222701238BDA0D008314BC /* Setting */,
				A92226FE238AB962008314BC /* RunInquire */,
				A9378E3F238670D1003355E3 /* Run */,
				A9599A2F23856D2F004473C7 /* Login */,
				A983D0622384142A00A135C6 /* Storyboard */,
				A9C01CEC238423DA008C6FE9 /* SettingVC.swift */,
				A911432F2382BC8A00D7DF02 /* Assets.xcassets */,
				A91143312382BC8A00D7DF02 /* LaunchScreen.storyboard */,
				A91143342382BC8A00D7DF02 /* Info.plist */,
			);
			path = RunningFront;
			sourceTree = "<group>";
		};
		A92226FE238AB962008314BC /* RunInquire */ = {
			isa = PBXGroup;
			children = (
				A92226FC238AB92C008314BC /* RunningInquireVC.swift */,
				A9EF07EE23841BBC003B22DA /* RunningInquire.storyboard */,
				A92226FF238BBAEB008314BC /* RunningInquireTVC.swift */,
			);
			path = RunInquire;
			sourceTree = "<group>";
		};
		A9222701238BDA0D008314BC /* Setting */ = {
			isa = PBXGroup;
			children = (
				A9EF07FE23842182003B22DA /* Setting.storyboard */,
				A9222709238C0E75008314BC /* SettingEditTVC.swift */,
				A9222702238BDED3008314BC /* SettingMainTVC.swift */,
			);
			path = Setting;
			sourceTree = "<group>";
		};
		A9378E3F238670D1003355E3 /* Run */ = {
			isa = PBXGroup;
			children = (
				A983D0632384168B00A135C6 /* RunningMain.storyboard */,
				A9378E40238675B7003355E3 /* RunningStartVC.swift */,
				A911432A2382BC8900D7DF02 /* RunningMainVC.swift */,
				A9378E422387779D003355E3 /* Run.swift */,
			);
			path = Run;
			sourceTree = "<group>";
		};
		A9599A2F23856D2F004473C7 /* Login */ = {
			isa = PBXGroup;
			children = (
				A9599A2D23856D23004473C7 /* LoginMainVC.swift */,
				A9378E1D23859CB6003355E3 /* SignUp_TVC.swift */,
				A9599A3023856D8B004473C7 /* User.swift */,
				A9599A2B23856B69004473C7 /* Login.storyboard */,
			);
			path = Login;
			sourceTree = "<group>";
		};
		A983D0582384027500A135C6 /* Common */ = {
			isa = PBXGroup;
			children = (
				A92226F9238AA343008314BC /* plateVC.swift */,
				A983D0562383FEA700A135C6 /* UICommon.swift */,
				A93186A923855FBB005D7E9A /* Common.swift */,
				A98F2FDA238D488800C4B5D4 /* SettingTVC.swift */,
			);
			path = Common;
			sourceTree = "<group>";
		};
		A983D0622384142A00A135C6 /* Storyboard */ = {
			isa = PBXGroup;
			children = (
				A911432C2382BC8900D7DF02 /* Main.storyboard */,
				A9EF07F223841CCD003B22DA /* RunningGroup.storyboard */,
				A9EF07F023841C82003B22DA /* RunningAchieve.storyboard */,
				A9EF07F423841ECF003B22DA /* ShopMain.storyboard */,
				A9EF07F623841F1F003B22DA /* ShopCart.storyboard */,
			);
			path = Storyboard;
			sourceTree = "<group>";
		};
		A98F2FD9238CD9D800C4B5D4 /* Server */ = {
			isa = PBXGroup;
			children = (
				A9EF07FA23841F80003B22DA /* ShopServer.storyboard */,
				A98F2FB5238CB75A00C4B5D4 /* ServerMessageReceiverTVCell.swift */,
				A98F2FB3238CB69D00C4B5D4 /* ServerTVC.swift */,
			);
			path = Server;
			sourceTree = "<group>";
		};
		D1044EB02395F778007C45E0 /* Order */ = {
			isa = PBXGroup;
			children = (
				A9EF07F823841F4C003B22DA /* ShopOrder.storyboard */,
				D1044EB12395FB65007C45E0 /* ShopOrderTVC.swift */,
				D1044EB323960115007C45E0 /* Order.swift */,
			);
			path = Order;
			sourceTree = "<group>";
		};
/* End PBXGroup section */

/* Begin PBXNativeTarget section */
		A91143222382BC8900D7DF02 /* RunningFront */ = {
			isa = PBXNativeTarget;
			buildConfigurationList = A91143372382BC8A00D7DF02 /* Build configuration list for PBXNativeTarget "RunningFront" */;
			buildPhases = (
				69D70919C58018626FC5FFD4 /* [CP] Check Pods Manifest.lock */,
				A911431F2382BC8900D7DF02 /* Sources */,
				A91143202382BC8900D7DF02 /* Frameworks */,
				A91143212382BC8900D7DF02 /* Resources */,
				027DD21A99460F02FDD88C27 /* [CP] Embed Pods Frameworks */,
			);
			buildRules = (
			);
			dependencies = (
			);
			name = RunningFront;
			packageProductDependencies = (
				A9222705238BF51D008314BC /* FacebookLogin */,
			);
			productName = RunningFront;
			productReference = A91143232382BC8900D7DF02 /* RunningFront.app */;
			productType = "com.apple.product-type.application";
		};
/* End PBXNativeTarget section */

/* Begin PBXProject section */
		A911431B2382BC8900D7DF02 /* Project object */ = {
			isa = PBXProject;
			attributes = {
				LastSwiftUpdateCheck = 1100;
				LastUpgradeCheck = 1100;
				ORGANIZATIONNAME = G2;
				TargetAttributes = {
					A91143222382BC8900D7DF02 = {
						CreatedOnToolsVersion = 11.0;
					};
				};
			};
			buildConfigurationList = A911431E2382BC8900D7DF02 /* Build configuration list for PBXProject "RunningFront" */;
			compatibilityVersion = "Xcode 9.3";
			developmentRegion = en;
			hasScannedForEncodings = 0;
			knownRegions = (
				en,
				Base,
			);
			mainGroup = A911431A2382BC8900D7DF02;
			packageReferences = (
				A9222704238BF51C008314BC /* XCRemoteSwiftPackageReference "facebook-ios-sdk" */,
			);
			productRefGroup = A91143242382BC8900D7DF02 /* Products */;
			projectDirPath = "";
			projectRoot = "";
			targets = (
				A91143222382BC8900D7DF02 /* RunningFront */,
			);
		};
/* End PBXProject section */

/* Begin PBXResourcesBuildPhase section */
		A91143212382BC8900D7DF02 /* Resources */ = {
			isa = PBXResourcesBuildPhase;
			buildActionMask = 2147483647;
			files = (
				A91143332382BC8A00D7DF02 /* LaunchScreen.storyboard in Resources */,
				A9EF07F523841ECF003B22DA /* ShopMain.storyboard in Resources */,
				A91143302382BC8A00D7DF02 /* Assets.xcassets in Resources */,
				A911432E2382BC8900D7DF02 /* Main.storyboard in Resources */,
				A983D0642384168B00A135C6 /* RunningMain.storyboard in Resources */,
				A9EF07F123841C82003B22DA /* RunningAchieve.storyboard in Resources */,
				A9EF07F723841F1F003B22DA /* ShopCart.storyboard in Resources */,
				A9EF07F923841F4C003B22DA /* ShopOrder.storyboard in Resources */,
				A9EF07F323841CCD003B22DA /* RunningGroup.storyboard in Resources */,
				A9EF07EF23841BBC003B22DA /* RunningInquire.storyboard in Resources */,
				A9EF07FB23841F80003B22DA /* ShopServer.storyboard in Resources */,
				A9EF07FF23842182003B22DA /* Setting.storyboard in Resources */,
				A9599A2C23856B69004473C7 /* Login.storyboard in Resources */,
			);
			runOnlyForDeploymentPostprocessing = 0;
		};
/* End PBXResourcesBuildPhase section */

/* Begin PBXShellScriptBuildPhase section */
		027DD21A99460F02FDD88C27 /* [CP] Embed Pods Frameworks */ = {
			isa = PBXShellScriptBuildPhase;
			buildActionMask = 2147483647;
			files = (
			);
			inputFileListPaths = (
				"${PODS_ROOT}/Target Support Files/Pods-RunningFront/Pods-RunningFront-frameworks-${CONFIGURATION}-input-files.xcfilelist",
			);
			name = "[CP] Embed Pods Frameworks";
			outputFileListPaths = (
				"${PODS_ROOT}/Target Support Files/Pods-RunningFront/Pods-RunningFront-frameworks-${CONFIGURATION}-output-files.xcfilelist",
			);
			runOnlyForDeploymentPostprocessing = 0;
			shellPath = /bin/sh;
			shellScript = "\"${PODS_ROOT}/Target Support Files/Pods-RunningFront/Pods-RunningFront-frameworks.sh\"\n";
			showEnvVarsInLog = 0;
		};
		69D70919C58018626FC5FFD4 /* [CP] Check Pods Manifest.lock */ = {
			isa = PBXShellScriptBuildPhase;
			buildActionMask = 2147483647;
			files = (
			);
			inputFileListPaths = (
			);
			inputPaths = (
				"${PODS_PODFILE_DIR_PATH}/Podfile.lock",
				"${PODS_ROOT}/Manifest.lock",
			);
			name = "[CP] Check Pods Manifest.lock";
			outputFileListPaths = (
			);
			outputPaths = (
				"$(DERIVED_FILE_DIR)/Pods-RunningFront-checkManifestLockResult.txt",
			);
			runOnlyForDeploymentPostprocessing = 0;
			shellPath = /bin/sh;
			shellScript = "diff \"${PODS_PODFILE_DIR_PATH}/Podfile.lock\" \"${PODS_ROOT}/Manifest.lock\" > /dev/null\nif [ $? != 0 ] ; then\n    # print error to STDERR\n    echo \"error: The sandbox is not in sync with the Podfile.lock. Run 'pod install' or update your CocoaPods installation.\" >&2\n    exit 1\nfi\n# This output is used by Xcode 'outputs' to avoid re-running this script phase.\necho \"SUCCESS\" > \"${SCRIPT_OUTPUT_FILE_0}\"\n";
			showEnvVarsInLog = 0;
		};
/* End PBXShellScriptBuildPhase section */

/* Begin PBXSourcesBuildPhase section */
		A911431F2382BC8900D7DF02 /* Sources */ = {
			isa = PBXSourcesBuildPhase;
			buildActionMask = 2147483647;
			files = (
				A9378E41238675B7003355E3 /* RunningStartVC.swift in Sources */,
				A9378E432387779D003355E3 /* Run.swift in Sources */,
				A983D0572383FEA700A135C6 /* UICommon.swift in Sources */,
				A9C01CED238423DA008C6FE9 /* SettingVC.swift in Sources */,
				D1044EB423960115007C45E0 /* Order.swift in Sources */,
				A9599A2E23856D23004473C7 /* LoginMainVC.swift in Sources */,
				A9599A3123856D8B004473C7 /* User.swift in Sources */,
				A98F2FDB238D488800C4B5D4 /* SettingTVC.swift in Sources */,
				A98F2FB4238CB69D00C4B5D4 /* ServerTVC.swift in Sources */,
				A92226FD238AB92C008314BC /* RunningInquireVC.swift in Sources */,
				A911432B2382BC8900D7DF02 /* RunningMainVC.swift in Sources */,
				A9378E1E23859CB6003355E3 /* SignUp_TVC.swift in Sources */,
				A9EF07FD2384202C003B22DA /* ShopMainVC.swift in Sources */,
				A91143272382BC8900D7DF02 /* AppDelegate.swift in Sources */,
				A98F2FB6238CB75A00C4B5D4 /* ServerMessageReceiverTVCell.swift in Sources */,
				A93186AA23855FBB005D7E9A /* Common.swift in Sources */,
				A92226FA238AA343008314BC /* plateVC.swift in Sources */,
				A9222700238BBAEB008314BC /* RunningInquireTVC.swift in Sources */,
				D1044EB22395FB65007C45E0 /* ShopOrderTVC.swift in Sources */,
				A91143292382BC8900D7DF02 /* SceneDelegate.swift in Sources */,
				A9222703238BDED3008314BC /* SettingMainTVC.swift in Sources */,
				A922270A238C0E75008314BC /* SettingEditTVC.swift in Sources */,
			);
			runOnlyForDeploymentPostprocessing = 0;
		};
/* End PBXSourcesBuildPhase section */

/* Begin PBXVariantGroup section */
		A911432C2382BC8900D7DF02 /* Main.storyboard */ = {
			isa = PBXVariantGroup;
			children = (
				A911432D2382BC8900D7DF02 /* Base */,
			);
			name = Main.storyboard;
			sourceTree = "<group>";
		};
		A91143312382BC8A00D7DF02 /* LaunchScreen.storyboard */ = {
			isa = PBXVariantGroup;
			children = (
				A91143322382BC8A00D7DF02 /* Base */,
			);
			name = LaunchScreen.storyboard;
			sourceTree = "<group>";
		};
/* End PBXVariantGroup section */

/* Begin XCBuildConfiguration section */
		A91143352382BC8A00D7DF02 /* Debug */ = {
			isa = XCBuildConfiguration;
			buildSettings = {
				ALWAYS_SEARCH_USER_PATHS = NO;
				CLANG_ANALYZER_NONNULL = YES;
				CLANG_ANALYZER_NUMBER_OBJECT_CONVERSION = YES_AGGRESSIVE;
				CLANG_CXX_LANGUAGE_STANDARD = "gnu++14";
				CLANG_CXX_LIBRARY = "libc++";
				CLANG_ENABLE_MODULES = YES;
				CLANG_ENABLE_OBJC_ARC = YES;
				CLANG_ENABLE_OBJC_WEAK = YES;
				CLANG_WARN_BLOCK_CAPTURE_AUTORELEASING = YES;
				CLANG_WARN_BOOL_CONVERSION = YES;
				CLANG_WARN_COMMA = YES;
				CLANG_WARN_CONSTANT_CONVERSION = YES;
				CLANG_WARN_DEPRECATED_OBJC_IMPLEMENTATIONS = YES;
				CLANG_WARN_DIRECT_OBJC_ISA_USAGE = YES_ERROR;
				CLANG_WARN_DOCUMENTATION_COMMENTS = YES;
				CLANG_WARN_EMPTY_BODY = YES;
				CLANG_WARN_ENUM_CONVERSION = YES;
				CLANG_WARN_INFINITE_RECURSION = YES;
				CLANG_WARN_INT_CONVERSION = YES;
				CLANG_WARN_NON_LITERAL_NULL_CONVERSION = YES;
				CLANG_WARN_OBJC_IMPLICIT_RETAIN_SELF = YES;
				CLANG_WARN_OBJC_LITERAL_CONVERSION = YES;
				CLANG_WARN_OBJC_ROOT_CLASS = YES_ERROR;
				CLANG_WARN_RANGE_LOOP_ANALYSIS = YES;
				CLANG_WARN_STRICT_PROTOTYPES = YES;
				CLANG_WARN_SUSPICIOUS_MOVE = YES;
				CLANG_WARN_UNGUARDED_AVAILABILITY = YES_AGGRESSIVE;
				CLANG_WARN_UNREACHABLE_CODE = YES;
				CLANG_WARN__DUPLICATE_METHOD_MATCH = YES;
				COPY_PHASE_STRIP = NO;
				DEBUG_INFORMATION_FORMAT = dwarf;
				ENABLE_STRICT_OBJC_MSGSEND = YES;
				ENABLE_TESTABILITY = YES;
				GCC_C_LANGUAGE_STANDARD = gnu11;
				GCC_DYNAMIC_NO_PIC = NO;
				GCC_NO_COMMON_BLOCKS = YES;
				GCC_OPTIMIZATION_LEVEL = 0;
				GCC_PREPROCESSOR_DEFINITIONS = (
					"DEBUG=1",
					"$(inherited)",
				);
				GCC_WARN_64_TO_32_BIT_CONVERSION = YES;
				GCC_WARN_ABOUT_RETURN_TYPE = YES_ERROR;
				GCC_WARN_UNDECLARED_SELECTOR = YES;
				GCC_WARN_UNINITIALIZED_AUTOS = YES_AGGRESSIVE;
				GCC_WARN_UNUSED_FUNCTION = YES;
				GCC_WARN_UNUSED_VARIABLE = YES;
				IPHONEOS_DEPLOYMENT_TARGET = 13.0;
				MTL_ENABLE_DEBUG_INFO = INCLUDE_SOURCE;
				MTL_FAST_MATH = YES;
				ONLY_ACTIVE_ARCH = YES;
				SDKROOT = iphoneos;
				SWIFT_ACTIVE_COMPILATION_CONDITIONS = DEBUG;
				SWIFT_OPTIMIZATION_LEVEL = "-Onone";
			};
			name = Debug;
		};
		A91143362382BC8A00D7DF02 /* Release */ = {
			isa = XCBuildConfiguration;
			buildSettings = {
				ALWAYS_SEARCH_USER_PATHS = NO;
				CLANG_ANALYZER_NONNULL = YES;
				CLANG_ANALYZER_NUMBER_OBJECT_CONVERSION = YES_AGGRESSIVE;
				CLANG_CXX_LANGUAGE_STANDARD = "gnu++14";
				CLANG_CXX_LIBRARY = "libc++";
				CLANG_ENABLE_MODULES = YES;
				CLANG_ENABLE_OBJC_ARC = YES;
				CLANG_ENABLE_OBJC_WEAK = YES;
				CLANG_WARN_BLOCK_CAPTURE_AUTORELEASING = YES;
				CLANG_WARN_BOOL_CONVERSION = YES;
				CLANG_WARN_COMMA = YES;
				CLANG_WARN_CONSTANT_CONVERSION = YES;
				CLANG_WARN_DEPRECATED_OBJC_IMPLEMENTATIONS = YES;
				CLANG_WARN_DIRECT_OBJC_ISA_USAGE = YES_ERROR;
				CLANG_WARN_DOCUMENTATION_COMMENTS = YES;
				CLANG_WARN_EMPTY_BODY = YES;
				CLANG_WARN_ENUM_CONVERSION = YES;
				CLANG_WARN_INFINITE_RECURSION = YES;
				CLANG_WARN_INT_CONVERSION = YES;
				CLANG_WARN_NON_LITERAL_NULL_CONVERSION = YES;
				CLANG_WARN_OBJC_IMPLICIT_RETAIN_SELF = YES;
				CLANG_WARN_OBJC_LITERAL_CONVERSION = YES;
				CLANG_WARN_OBJC_ROOT_CLASS = YES_ERROR;
				CLANG_WARN_RANGE_LOOP_ANALYSIS = YES;
				CLANG_WARN_STRICT_PROTOTYPES = YES;
				CLANG_WARN_SUSPICIOUS_MOVE = YES;
				CLANG_WARN_UNGUARDED_AVAILABILITY = YES_AGGRESSIVE;
				CLANG_WARN_UNREACHABLE_CODE = YES;
				CLANG_WARN__DUPLICATE_METHOD_MATCH = YES;
				COPY_PHASE_STRIP = NO;
				DEBUG_INFORMATION_FORMAT = "dwarf-with-dsym";
				ENABLE_NS_ASSERTIONS = NO;
				ENABLE_STRICT_OBJC_MSGSEND = YES;
				GCC_C_LANGUAGE_STANDARD = gnu11;
				GCC_NO_COMMON_BLOCKS = YES;
				GCC_WARN_64_TO_32_BIT_CONVERSION = YES;
				GCC_WARN_ABOUT_RETURN_TYPE = YES_ERROR;
				GCC_WARN_UNDECLARED_SELECTOR = YES;
				GCC_WARN_UNINITIALIZED_AUTOS = YES_AGGRESSIVE;
				GCC_WARN_UNUSED_FUNCTION = YES;
				GCC_WARN_UNUSED_VARIABLE = YES;
				IPHONEOS_DEPLOYMENT_TARGET = 13.0;
				MTL_ENABLE_DEBUG_INFO = NO;
				MTL_FAST_MATH = YES;
				SDKROOT = iphoneos;
				SWIFT_COMPILATION_MODE = wholemodule;
				SWIFT_OPTIMIZATION_LEVEL = "-O";
				VALIDATE_PRODUCT = YES;
			};
			name = Release;
		};
		A91143382382BC8A00D7DF02 /* Debug */ = {
			isa = XCBuildConfiguration;
			baseConfigurationReference = 5AE0550DBC616BF65CD56B89 /* Pods-RunningFront.debug.xcconfig */;
			buildSettings = {
				ASSETCATALOG_COMPILER_APPICON_NAME = AppIcon;
				CODE_SIGN_STYLE = Automatic;
				DEVELOPMENT_TEAM = 83G69X7NQR;
				INFOPLIST_FILE = RunningFront/Info.plist;
				LD_RUNPATH_SEARCH_PATHS = (
					"$(inherited)",
					"@executable_path/Frameworks",
				);
				PRODUCT_BUNDLE_IDENTIFIER = com.g2.RunningFront;
				PRODUCT_NAME = "$(TARGET_NAME)";
				SWIFT_VERSION = 5.0;
				TARGETED_DEVICE_FAMILY = "1,2";
			};
			name = Debug;
		};
		A91143392382BC8A00D7DF02 /* Release */ = {
			isa = XCBuildConfiguration;
			baseConfigurationReference = 8C1924F64A6A259F4B0B6010 /* Pods-RunningFront.release.xcconfig */;
			buildSettings = {
				ASSETCATALOG_COMPILER_APPICON_NAME = AppIcon;
				CODE_SIGN_STYLE = Automatic;
				DEVELOPMENT_TEAM = 83G69X7NQR;
				INFOPLIST_FILE = RunningFront/Info.plist;
				LD_RUNPATH_SEARCH_PATHS = (
					"$(inherited)",
					"@executable_path/Frameworks",
				);
				PRODUCT_BUNDLE_IDENTIFIER = com.g2.RunningFront;
				PRODUCT_NAME = "$(TARGET_NAME)";
				SWIFT_VERSION = 5.0;
				TARGETED_DEVICE_FAMILY = "1,2";
			};
			name = Release;
		};
/* End XCBuildConfiguration section */

/* Begin XCConfigurationList section */
		A911431E2382BC8900D7DF02 /* Build configuration list for PBXProject "RunningFront" */ = {
			isa = XCConfigurationList;
			buildConfigurations = (
				A91143352382BC8A00D7DF02 /* Debug */,
				A91143362382BC8A00D7DF02 /* Release */,
			);
			defaultConfigurationIsVisible = 0;
			defaultConfigurationName = Release;
		};
		A91143372382BC8A00D7DF02 /* Build configuration list for PBXNativeTarget "RunningFront" */ = {
			isa = XCConfigurationList;
			buildConfigurations = (
				A91143382382BC8A00D7DF02 /* Debug */,
				A91143392382BC8A00D7DF02 /* Release */,
			);
			defaultConfigurationIsVisible = 0;
			defaultConfigurationName = Release;
		};
/* End XCConfigurationList section */

/* Begin XCRemoteSwiftPackageReference section */
		A9222704238BF51C008314BC /* XCRemoteSwiftPackageReference "facebook-ios-sdk" */ = {
			isa = XCRemoteSwiftPackageReference;
			repositoryURL = "https://github.com/facebook/facebook-ios-sdk";
			requirement = {
				kind = upToNextMajorVersion;
				minimumVersion = 5.11.1;
			};
		};
/* End XCRemoteSwiftPackageReference section */

/* Begin XCSwiftPackageProductDependency section */
		A9222705238BF51D008314BC /* FacebookLogin */ = {
			isa = XCSwiftPackageProductDependency;
			package = A9222704238BF51C008314BC /* XCRemoteSwiftPackageReference "facebook-ios-sdk" */;
			productName = FacebookLogin;
		};
/* End XCSwiftPackageProductDependency section */
	};
	rootObject = A911431B2382BC8900D7DF02 /* Project object */;
}
